
Microsoft Visual Studio Solution File, Format Version 12.00
# Visual Studio Version 17
VisualStudioVersion = 17.9.34728.123
MinimumVisualStudioVersion = 10.0.40219.1
Project("{9A19103F-16F7-4668-BE54-9A1E7A4F7556}") = "Prac", "Prac.csproj", "{D062CA7E-3B33-449B-9E46-D843D9BDE88E}"
EndProject
Global
	GlobalSection(SolutionConfigurationPlatforms) = preSolution
		Debug|Any CPU = Debug|Any CPU
		Debug|x64 = Debug|x64
		Debug|x86 = Debug|x86
		ExportDebug|Any CPU = ExportDebug|Any CPU
		ExportDebug|x64 = ExportDebug|x64
		ExportDebug|x86 = ExportDebug|x86
		ExportRelease|Any CPU = ExportRelease|Any CPU
		ExportRelease|x64 = ExportRelease|x64
		ExportRelease|x86 = ExportRelease|x86
		Release|Any CPU = Release|Any CPU
		Release|x64 = Release|x64
		Release|x86 = Release|x86
	EndGlobalSection
	GlobalSection(ProjectConfigurationPlatforms) = postSolution
		{D062CA7E-3B33-449B-9E46-D843D9BDE88E}.Debug|Any CPU.ActiveCfg = Debug|Any CPU
		{D062CA7E-3B33-449B-9E46-D843D9BDE88E}.Debug|Any CPU.Build.0 = Debug|Any CPU
		{D062CA7E-3B33-449B-9E46-D843D9BDE88E}.Debug|x64.ActiveCfg = Debug|Any CPU
		{D062CA7E-3B33-449B-9E46-D843D9BDE88E}.Debug|x64.Build.0 = Debug|Any CPU
		{D062CA7E-3B33-449B-9E46-D843D9BDE88E}.Debug|x86.ActiveCfg = Debug|Any CPU
		{D062CA7E-3B33-449B-9E46-D843D9BDE88E}.Debug|x86.Build.0 = Debug|Any CPU
		{D062CA7E-3B33-449B-9E46-D843D9BDE88E}.ExportDebug|Any CPU.ActiveCfg = ExportDebug|Any CPU
		{D062CA7E-3B33-449B-9E46-D843D9BDE88E}.ExportDebug|Any CPU.Build.0 = ExportDebug|Any CPU
		{D062CA7E-3B33-449B-9E46-D843D9BDE88E}.ExportDebug|x64.ActiveCfg = ExportDebug|Any CPU
		{D062CA7E-3B33-449B-9E46-D843D9BDE88E}.ExportDebug|x64.Build.0 = ExportDebug|Any CPU
		{D062CA7E-3B33-449B-9E46-D843D9BDE88E}.ExportDebug|x86.ActiveCfg = ExportDebug|Any CPU
		{D062CA7E-3B33-449B-9E46-D843D9BDE88E}.ExportDebug|x86.Build.0 = ExportDebug|Any CPU
		{D062CA7E-3B33-449B-9E46-D843D9BDE88E}.ExportRelease|Any CPU.ActiveCfg = ExportRelease|Any CPU
		{D062CA7E-3B33-449B-9E46-D843D9BDE88E}.ExportRelease|Any CPU.Build.0 = ExportRelease|Any CPU
		{D062CA7E-3B33-449B-9E46-D843D9BDE88E}.ExportRelease|x64.ActiveCfg = ExportRelease|Any CPU
		{D062CA7E-3B33-449B-9E46-D843D9BDE88E}.ExportRelease|x64.Build.0 = ExportRelease|Any CPU
		{D062CA7E-3B33-449B-9E46-D843D9BDE88E}.ExportRelease|x86.ActiveCfg = ExportRelease|Any CPU
		{D062CA7E-3B33-449B-9E46-D843D9BDE88E}.ExportRelease|x86.Build.0 = ExportRelease|Any CPU
		{D062CA7E-3B33-449B-9E46-D843D9BDE88E}.Release|Any CPU.ActiveCfg = ExportRelease|Any CPU
		{D062CA7E-3B33-449B-9E46-D843D9BDE88E}.Release|Any CPU.Build.0 = ExportRelease|Any CPU
		{D062CA7E-3B33-449B-9E46-D843D9BDE88E}.Release|x64.ActiveCfg = ExportRelease|Any CPU
		{D062CA7E-3B33-449B-9E46-D843D9BDE88E}.Release|x64.Build.0 = ExportRelease|Any CPU
		{D062CA7E-3B33-449B-9E46-D843D9BDE88E}.Release|x86.ActiveCfg = ExportRelease|Any CPU
		{D062CA7E-3B33-449B-9E46-D843D9BDE88E}.Release|x86.Build.0 = ExportRelease|Any CPU
	EndGlobalSection
	GlobalSection(SolutionProperties) = preSolution
		HideSolutionNode = FALSE
	EndGlobalSection
	GlobalSection(ExtensibilityGlobals) = postSolution
		SolutionGuid = {97D858F2-B1AA-4EEB-A5B5-8AF26DD945AA}
	EndGlobalSection
EndGlobal
